
Microsoft Visual Studio Solution File, Format Version 11.00
# Visual Studio 2010
Project("{8BC9CEB8-8B4A-11D0-8D11-00A0C91BC942}") = "FileSender", "FileSender\FileSender.vcxproj", "{DAB06D0D-B8CB-4FFE-9C06-9CD274A9C356}"
EndProject
Project("{8BC9CEB8-8B4A-11D0-8D11-00A0C91BC942}") = "FileReceiver", "FileReceiver\FileReceiver.vcxproj", "{7680E5CC-E4C4-48C9-BEA0-82566F7C5E5F}"
EndProject
Global
	GlobalSection(SolutionConfigurationPlatforms) = preSolution
		Debug|Win32 = Debug|Win32
		Release|Win32 = Release|Win32
	EndGlobalSection
	GlobalSection(ProjectConfigurationPlatforms) = postSolution
		{DAB06D0D-B8CB-4FFE-9C06-9CD274A9C356}.Debug|Win32.ActiveCfg = Debug|Win32
		{DAB06D0D-B8CB-4FFE-9C06-9CD274A9C356}.Debug|Win32.Build.0 = Debug|Win32
		{DAB06D0D-B8CB-4FFE-9C06-9CD274A9C356}.Release|Win32.ActiveCfg = Release|Win32
		{DAB06D0D-B8CB-4FFE-9C06-9CD274A9C356}.Release|Win32.Build.0 = Release|Win32
		{7680E5CC-E4C4-48C9-BEA0-82566F7C5E5F}.Debug|Win32.ActiveCfg = Debug|Win32
		{7680E5CC-E4C4-48C9-BEA0-82566F7C5E5F}.Debug|Win32.Build.0 = Debug|Win32
		{7680E5CC-E4C4-48C9-BEA0-82566F7C5E5F}.Release|Win32.ActiveCfg = Release|Win32
		{7680E5CC-E4C4-48C9-BEA0-82566F7C5E5F}.Release|Win32.Build.0 = Release|Win32
	EndGlobalSection
	GlobalSection(SolutionProperties) = preSolution
		HideSolutionNode = FALSE
	EndGlobalSection
EndGlobal
